
Microsoft Visual Studio Solution File, Format Version 12.00
# Visual Studio 2013
VisualStudioVersion = 12.0.21005.1
MinimumVisualStudioVersion = 10.0.40219.1
Project("{FAE04EC0-301F-11D3-BF4B-00C04F79EFBC}") = "PrimeComm", "PrimeComm\PrimeComm.csproj", "{F29C218B-2E56-48F5-8370-8200A42135B8}"
EndProject
Project("{FAE04EC0-301F-11D3-BF4B-00C04F79EFBC}") = "CommandLine", "CommandLine\src\libcmdline\CommandLine.csproj", "{5DEA2811-2FFA-4959-830B-CAD3ACACABEB}"
EndProject
Project("{FAE04EC0-301F-11D3-BF4B-00C04F79EFBC}") = "PrimeLib", "PrimeLib\PrimeLib.csproj", "{7BF31F37-800F-4465-975F-7D1BD9636F05}"
EndProject
Project("{FAE04EC0-301F-11D3-BF4B-00C04F79EFBC}") = "PrimeCmd", "PrimeCmd\PrimeCmd.csproj", "{2E28E6BE-2CD9-4C1E-ACE3-461CF3519519}"
EndProject
Project("{FAE04EC0-301F-11D3-BF4B-00C04F79EFBC}") = "HidLibrary", "HidLibrary\HidLibrary.csproj", "{9E8F1D50-74EA-4C60-BD5C-AB2C5B53BC66}"
EndProject
Project("{FAE04EC0-301F-11D3-BF4B-00C04F79EFBC}") = "ScintillaNET", "ScintillaNet\2.5\ScintillaNET\ScintillaNET.csproj", "{F9B6DABD-BBC1-4638-8CE6-A5C9506BFDCB}"
EndProject
Global
	GlobalSection(SolutionConfigurationPlatforms) = preSolution
		Debug|Any CPU = Debug|Any CPU
		Release|Any CPU = Release|Any CPU
	EndGlobalSection
	GlobalSection(ProjectConfigurationPlatforms) = postSolution
		{F29C218B-2E56-48F5-8370-8200A42135B8}.Debug|Any CPU.ActiveCfg = Debug|Any CPU
		{F29C218B-2E56-48F5-8370-8200A42135B8}.Debug|Any CPU.Build.0 = Debug|Any CPU
		{F29C218B-2E56-48F5-8370-8200A42135B8}.Release|Any CPU.ActiveCfg = Release|Any CPU
		{F29C218B-2E56-48F5-8370-8200A42135B8}.Release|Any CPU.Build.0 = Release|Any CPU
		{5DEA2811-2FFA-4959-830B-CAD3ACACABEB}.Debug|Any CPU.ActiveCfg = Debug|Any CPU
		{5DEA2811-2FFA-4959-830B-CAD3ACACABEB}.Debug|Any CPU.Build.0 = Debug|Any CPU
		{5DEA2811-2FFA-4959-830B-CAD3ACACABEB}.Release|Any CPU.ActiveCfg = Release|Any CPU
		{5DEA2811-2FFA-4959-830B-CAD3ACACABEB}.Release|Any CPU.Build.0 = Release|Any CPU
		{7BF31F37-800F-4465-975F-7D1BD9636F05}.Debug|Any CPU.ActiveCfg = Debug|Any CPU
		{7BF31F37-800F-4465-975F-7D1BD9636F05}.Debug|Any CPU.Build.0 = Debug|Any CPU
		{7BF31F37-800F-4465-975F-7D1BD9636F05}.Release|Any CPU.ActiveCfg = Release|Any CPU
		{7BF31F37-800F-4465-975F-7D1BD9636F05}.Release|Any CPU.Build.0 = Release|Any CPU
		{2E28E6BE-2CD9-4C1E-ACE3-461CF3519519}.Debug|Any CPU.ActiveCfg = Debug|Any CPU
		{2E28E6BE-2CD9-4C1E-ACE3-461CF3519519}.Debug|Any CPU.Build.0 = Debug|Any CPU
		{2E28E6BE-2CD9-4C1E-ACE3-461CF3519519}.Release|Any CPU.ActiveCfg = Release|Any CPU
		{2E28E6BE-2CD9-4C1E-ACE3-461CF3519519}.Release|Any CPU.Build.0 = Release|Any CPU
		{9E8F1D50-74EA-4C60-BD5C-AB2C5B53BC66}.Debug|Any CPU.ActiveCfg = Debug|Any CPU
		{9E8F1D50-74EA-4C60-BD5C-AB2C5B53BC66}.Debug|Any CPU.Build.0 = Debug|Any CPU
		{9E8F1D50-74EA-4C60-BD5C-AB2C5B53BC66}.Release|Any CPU.ActiveCfg = Release|Any CPU
		{9E8F1D50-74EA-4C60-BD5C-AB2C5B53BC66}.Release|Any CPU.Build.0 = Release|Any CPU
		{F9B6DABD-BBC1-4638-8CE6-A5C9506BFDCB}.Debug|Any CPU.ActiveCfg = Debug|Any CPU
		{F9B6DABD-BBC1-4638-8CE6-A5C9506BFDCB}.Debug|Any CPU.Build.0 = Debug|Any CPU
		{F9B6DABD-BBC1-4638-8CE6-A5C9506BFDCB}.Release|Any CPU.ActiveCfg = Release|Any CPU
		{F9B6DABD-BBC1-4638-8CE6-A5C9506BFDCB}.Release|Any CPU.Build.0 = Release|Any CPU
	EndGlobalSection
	GlobalSection(SolutionProperties) = preSolution
		HideSolutionNode = FALSE
	EndGlobalSection
	GlobalSection(Performance) = preSolution
		HasPerformanceSessions = true
	EndGlobalSection
EndGlobal
