
Microsoft Visual Studio Solution File, Format Version 12.00
# Visual Studio 14
VisualStudioVersion = 14.0.25420.1
MinimumVisualStudioVersion = 10.0.40219.1
Project("{FAE04EC0-301F-11D3-BF4B-00C04F79EFBC}") = "PrimeComm", "PrimeComm\PrimeComm.csproj", "{F29C218B-2E56-48F5-8370-8200A42135B8}"
EndProject
Project("{FAE04EC0-301F-11D3-BF4B-00C04F79EFBC}") = "CommandLine", "CommandLine\src\libcmdline\CommandLine.csproj", "{5DEA2811-2FFA-4959-830B-CAD3ACACABEB}"
EndProject
Project("{FAE04EC0-301F-11D3-BF4B-00C04F79EFBC}") = "PrimeLib", "PrimeLib\PrimeLib.csproj", "{7BF31F37-800F-4465-975F-7D1BD9636F05}"
EndProject
Project("{FAE04EC0-301F-11D3-BF4B-00C04F79EFBC}") = "PrimeCmd", "PrimeCmd\PrimeCmd.csproj", "{2E28E6BE-2CD9-4C1E-ACE3-461CF3519519}"
EndProject
Project("{FAE04EC0-301F-11D3-BF4B-00C04F79EFBC}") = "HidLibrary", "HidLibrary\HidLibrary.csproj", "{9E8F1D50-74EA-4C60-BD5C-AB2C5B53BC66}"
EndProject
Project("{FAE04EC0-301F-11D3-BF4B-00C04F79EFBC}") = "WinFormsUI", "WinFormsUI\WinFormsUI.csproj", "{C75532C4-765B-418E-B09B-46D36B2ABDB1}"
EndProject
Project("{FAE04EC0-301F-11D3-BF4B-00C04F79EFBC}") = "PrimeSkin", "PrimeSkin\PrimeSkin.csproj", "{6FC49E68-59B2-4749-95BB-7EB1FCF62867}"
EndProject
Project("{FAE04EC0-301F-11D3-BF4B-00C04F79EFBC}") = "PrimeRPL", "PrimeRPL\PrimeRPL.csproj", "{0C4EF634-A65B-4708-B6CC-DC757B2530AF}"
EndProject
Project("{FAE04EC0-301F-11D3-BF4B-00C04F79EFBC}") = "PrimeCommTest", "PrimeCommTest\PrimeCommTest.csproj", "{38F9A1AA-06CB-4563-B5DC-F1B046A53390}"
EndProject
Project("{FAE04EC0-301F-11D3-BF4B-00C04F79EFBC}") = "ScintillaNET", "ScintillaNet\2.6\ScintillaNET\ScintillaNET.csproj", "{F9B6DABD-BBC1-4638-8CE6-A5C9506BFDCB}"
EndProject
Project("{FAE04EC0-301F-11D3-BF4B-00C04F79EFBC}") = "PrimeHelp", "PrimeHelp\PrimeHelp.csproj", "{3AEDBF3B-8FB4-48B9-B0FF-712B259FE3A7}"
EndProject
Project("{FAE04EC0-301F-11D3-BF4B-00C04F79EFBC}") = "PrimeMon", "PrimeMon\PrimeMon.csproj", "{D213ED1E-7316-4193-99E4-24917EEFCA7E}"
EndProject
Global
	GlobalSection(SolutionConfigurationPlatforms) = preSolution
		Debug|Any CPU = Debug|Any CPU
		Debug|Mixed Platforms = Debug|Mixed Platforms
		Debug|Win32 = Debug|Win32
		Debug|x64 = Debug|x64
		Debug|x86 = Debug|x86
		Debug35|Any CPU = Debug35|Any CPU
		Debug35|Mixed Platforms = Debug35|Mixed Platforms
		Debug35|Win32 = Debug35|Win32
		Debug35|x64 = Debug35|x64
		Debug35|x86 = Debug35|x86
		Release|Any CPU = Release|Any CPU
		Release|Mixed Platforms = Release|Mixed Platforms
		Release|Win32 = Release|Win32
		Release|x64 = Release|x64
		Release|x86 = Release|x86
		Release35|Any CPU = Release35|Any CPU
		Release35|Mixed Platforms = Release35|Mixed Platforms
		Release35|Win32 = Release35|Win32
		Release35|x64 = Release35|x64
		Release35|x86 = Release35|x86
	EndGlobalSection
	GlobalSection(ProjectConfigurationPlatforms) = postSolution
		{F29C218B-2E56-48F5-8370-8200A42135B8}.Debug|Any CPU.ActiveCfg = Debug|Any CPU
		{F29C218B-2E56-48F5-8370-8200A42135B8}.Debug|Any CPU.Build.0 = Debug|Any CPU
		{F29C218B-2E56-48F5-8370-8200A42135B8}.Debug|Mixed Platforms.ActiveCfg = Debug|Any CPU
		{F29C218B-2E56-48F5-8370-8200A42135B8}.Debug|Mixed Platforms.Build.0 = Debug|Any CPU
		{F29C218B-2E56-48F5-8370-8200A42135B8}.Debug|Win32.ActiveCfg = Debug|Any CPU
		{F29C218B-2E56-48F5-8370-8200A42135B8}.Debug|x64.ActiveCfg = Debug|Any CPU
		{F29C218B-2E56-48F5-8370-8200A42135B8}.Debug|x86.ActiveCfg = Debug|Any CPU
		{F29C218B-2E56-48F5-8370-8200A42135B8}.Debug35|Any CPU.ActiveCfg = Debug|Any CPU
		{F29C218B-2E56-48F5-8370-8200A42135B8}.Debug35|Any CPU.Build.0 = Debug|Any CPU
		{F29C218B-2E56-48F5-8370-8200A42135B8}.Debug35|Mixed Platforms.ActiveCfg = Debug|Any CPU
		{F29C218B-2E56-48F5-8370-8200A42135B8}.Debug35|Mixed Platforms.Build.0 = Debug|Any CPU
		{F29C218B-2E56-48F5-8370-8200A42135B8}.Debug35|Win32.ActiveCfg = Debug|Any CPU
		{F29C218B-2E56-48F5-8370-8200A42135B8}.Debug35|x64.ActiveCfg = Debug|Any CPU
		{F29C218B-2E56-48F5-8370-8200A42135B8}.Debug35|x86.ActiveCfg = Debug|Any CPU
		{F29C218B-2E56-48F5-8370-8200A42135B8}.Release|Any CPU.ActiveCfg = Release|Any CPU
		{F29C218B-2E56-48F5-8370-8200A42135B8}.Release|Any CPU.Build.0 = Release|Any CPU
		{F29C218B-2E56-48F5-8370-8200A42135B8}.Release|Mixed Platforms.ActiveCfg = Release|Any CPU
		{F29C218B-2E56-48F5-8370-8200A42135B8}.Release|Mixed Platforms.Build.0 = Release|Any CPU
		{F29C218B-2E56-48F5-8370-8200A42135B8}.Release|Win32.ActiveCfg = Release|Any CPU
		{F29C218B-2E56-48F5-8370-8200A42135B8}.Release|x64.ActiveCfg = Release|Any CPU
		{F29C218B-2E56-48F5-8370-8200A42135B8}.Release|x86.ActiveCfg = Release|Any CPU
		{F29C218B-2E56-48F5-8370-8200A42135B8}.Release35|Any CPU.ActiveCfg = Release|Any CPU
		{F29C218B-2E56-48F5-8370-8200A42135B8}.Release35|Any CPU.Build.0 = Release|Any CPU
		{F29C218B-2E56-48F5-8370-8200A42135B8}.Release35|Mixed Platforms.ActiveCfg = Release|Any CPU
		{F29C218B-2E56-48F5-8370-8200A42135B8}.Release35|Mixed Platforms.Build.0 = Release|Any CPU
		{F29C218B-2E56-48F5-8370-8200A42135B8}.Release35|Win32.ActiveCfg = Release|Any CPU
		{F29C218B-2E56-48F5-8370-8200A42135B8}.Release35|x64.ActiveCfg = Release|Any CPU
		{F29C218B-2E56-48F5-8370-8200A42135B8}.Release35|x86.ActiveCfg = Release|Any CPU
		{5DEA2811-2FFA-4959-830B-CAD3ACACABEB}.Debug|Any CPU.ActiveCfg = Debug|Any CPU
		{5DEA2811-2FFA-4959-830B-CAD3ACACABEB}.Debug|Any CPU.Build.0 = Debug|Any CPU
		{5DEA2811-2FFA-4959-830B-CAD3ACACABEB}.Debug|Mixed Platforms.ActiveCfg = Debug|Any CPU
		{5DEA2811-2FFA-4959-830B-CAD3ACACABEB}.Debug|Mixed Platforms.Build.0 = Debug|Any CPU
		{5DEA2811-2FFA-4959-830B-CAD3ACACABEB}.Debug|Win32.ActiveCfg = Debug|Any CPU
		{5DEA2811-2FFA-4959-830B-CAD3ACACABEB}.Debug|x64.ActiveCfg = Debug|Any CPU
		{5DEA2811-2FFA-4959-830B-CAD3ACACABEB}.Debug|x86.ActiveCfg = Debug|Any CPU
		{5DEA2811-2FFA-4959-830B-CAD3ACACABEB}.Debug35|Any CPU.ActiveCfg = Debug|Any CPU
		{5DEA2811-2FFA-4959-830B-CAD3ACACABEB}.Debug35|Any CPU.Build.0 = Debug|Any CPU
		{5DEA2811-2FFA-4959-830B-CAD3ACACABEB}.Debug35|Mixed Platforms.ActiveCfg = Debug|Any CPU
		{5DEA2811-2FFA-4959-830B-CAD3ACACABEB}.Debug35|Mixed Platforms.Build.0 = Debug|Any CPU
		{5DEA2811-2FFA-4959-830B-CAD3ACACABEB}.Debug35|Win32.ActiveCfg = Debug|Any CPU
		{5DEA2811-2FFA-4959-830B-CAD3ACACABEB}.Debug35|x64.ActiveCfg = Debug|Any CPU
		{5DEA2811-2FFA-4959-830B-CAD3ACACABEB}.Debug35|x86.ActiveCfg = Debug|Any CPU
		{5DEA2811-2FFA-4959-830B-CAD3ACACABEB}.Release|Any CPU.ActiveCfg = Release|Any CPU
		{5DEA2811-2FFA-4959-830B-CAD3ACACABEB}.Release|Any CPU.Build.0 = Release|Any CPU
		{5DEA2811-2FFA-4959-830B-CAD3ACACABEB}.Release|Mixed Platforms.ActiveCfg = Release|Any CPU
		{5DEA2811-2FFA-4959-830B-CAD3ACACABEB}.Release|Mixed Platforms.Build.0 = Release|Any CPU
		{5DEA2811-2FFA-4959-830B-CAD3ACACABEB}.Release|Win32.ActiveCfg = Release|Any CPU
		{5DEA2811-2FFA-4959-830B-CAD3ACACABEB}.Release|x64.ActiveCfg = Release|Any CPU
		{5DEA2811-2FFA-4959-830B-CAD3ACACABEB}.Release|x86.ActiveCfg = Release|Any CPU
		{5DEA2811-2FFA-4959-830B-CAD3ACACABEB}.Release35|Any CPU.ActiveCfg = Release|Any CPU
		{5DEA2811-2FFA-4959-830B-CAD3ACACABEB}.Release35|Any CPU.Build.0 = Release|Any CPU
		{5DEA2811-2FFA-4959-830B-CAD3ACACABEB}.Release35|Mixed Platforms.ActiveCfg = Release|Any CPU
		{5DEA2811-2FFA-4959-830B-CAD3ACACABEB}.Release35|Mixed Platforms.Build.0 = Release|Any CPU
		{5DEA2811-2FFA-4959-830B-CAD3ACACABEB}.Release35|Win32.ActiveCfg = Release|Any CPU
		{5DEA2811-2FFA-4959-830B-CAD3ACACABEB}.Release35|x64.ActiveCfg = Release|Any CPU
		{5DEA2811-2FFA-4959-830B-CAD3ACACABEB}.Release35|x86.ActiveCfg = Release|Any CPU
		{7BF31F37-800F-4465-975F-7D1BD9636F05}.Debug|Any CPU.ActiveCfg = Debug|Any CPU
		{7BF31F37-800F-4465-975F-7D1BD9636F05}.Debug|Any CPU.Build.0 = Debug|Any CPU
		{7BF31F37-800F-4465-975F-7D1BD9636F05}.Debug|Mixed Platforms.ActiveCfg = Debug|Any CPU
		{7BF31F37-800F-4465-975F-7D1BD9636F05}.Debug|Mixed Platforms.Build.0 = Debug|Any CPU
		{7BF31F37-800F-4465-975F-7D1BD9636F05}.Debug|Win32.ActiveCfg = Debug|Any CPU
		{7BF31F37-800F-4465-975F-7D1BD9636F05}.Debug|x64.ActiveCfg = Debug|Any CPU
		{7BF31F37-800F-4465-975F-7D1BD9636F05}.Debug|x86.ActiveCfg = Debug|Any CPU
		{7BF31F37-800F-4465-975F-7D1BD9636F05}.Debug35|Any CPU.ActiveCfg = Debug|Any CPU
		{7BF31F37-800F-4465-975F-7D1BD9636F05}.Debug35|Any CPU.Build.0 = Debug|Any CPU
		{7BF31F37-800F-4465-975F-7D1BD9636F05}.Debug35|Mixed Platforms.ActiveCfg = Debug|Any CPU
		{7BF31F37-800F-4465-975F-7D1BD9636F05}.Debug35|Mixed Platforms.Build.0 = Debug|Any CPU
		{7BF31F37-800F-4465-975F-7D1BD9636F05}.Debug35|Win32.ActiveCfg = Debug|Any CPU
		{7BF31F37-800F-4465-975F-7D1BD9636F05}.Debug35|x64.ActiveCfg = Debug|Any CPU
		{7BF31F37-800F-4465-975F-7D1BD9636F05}.Debug35|x86.ActiveCfg = Debug|Any CPU
		{7BF31F37-800F-4465-975F-7D1BD9636F05}.Release|Any CPU.ActiveCfg = Release|Any CPU
		{7BF31F37-800F-4465-975F-7D1BD9636F05}.Release|Any CPU.Build.0 = Release|Any CPU
		{7BF31F37-800F-4465-975F-7D1BD9636F05}.Release|Mixed Platforms.ActiveCfg = Release|Any CPU
		{7BF31F37-800F-4465-975F-7D1BD9636F05}.Release|Mixed Platforms.Build.0 = Release|Any CPU
		{7BF31F37-800F-4465-975F-7D1BD9636F05}.Release|Win32.ActiveCfg = Release|Any CPU
		{7BF31F37-800F-4465-975F-7D1BD9636F05}.Release|x64.ActiveCfg = Release|Any CPU
		{7BF31F37-800F-4465-975F-7D1BD9636F05}.Release|x86.ActiveCfg = Release|Any CPU
		{7BF31F37-800F-4465-975F-7D1BD9636F05}.Release35|Any CPU.ActiveCfg = Release|Any CPU
		{7BF31F37-800F-4465-975F-7D1BD9636F05}.Release35|Any CPU.Build.0 = Release|Any CPU
		{7BF31F37-800F-4465-975F-7D1BD9636F05}.Release35|Mixed Platforms.ActiveCfg = Release|Any CPU
		{7BF31F37-800F-4465-975F-7D1BD9636F05}.Release35|Mixed Platforms.Build.0 = Release|Any CPU
		{7BF31F37-800F-4465-975F-7D1BD9636F05}.Release35|Win32.ActiveCfg = Release|Any CPU
		{7BF31F37-800F-4465-975F-7D1BD9636F05}.Release35|x64.ActiveCfg = Release|Any CPU
		{7BF31F37-800F-4465-975F-7D1BD9636F05}.Release35|x86.ActiveCfg = Release|Any CPU
		{2E28E6BE-2CD9-4C1E-ACE3-461CF3519519}.Debug|Any CPU.ActiveCfg = Debug|Any CPU
		{2E28E6BE-2CD9-4C1E-ACE3-461CF3519519}.Debug|Any CPU.Build.0 = Debug|Any CPU
		{2E28E6BE-2CD9-4C1E-ACE3-461CF3519519}.Debug|Mixed Platforms.ActiveCfg = Debug|Any CPU
		{2E28E6BE-2CD9-4C1E-ACE3-461CF3519519}.Debug|Mixed Platforms.Build.0 = Debug|Any CPU
		{2E28E6BE-2CD9-4C1E-ACE3-461CF3519519}.Debug|Win32.ActiveCfg = Debug|Any CPU
		{2E28E6BE-2CD9-4C1E-ACE3-461CF3519519}.Debug|x64.ActiveCfg = Debug|Any CPU
		{2E28E6BE-2CD9-4C1E-ACE3-461CF3519519}.Debug|x86.ActiveCfg = Debug|Any CPU
		{2E28E6BE-2CD9-4C1E-ACE3-461CF3519519}.Debug35|Any CPU.ActiveCfg = Debug|Any CPU
		{2E28E6BE-2CD9-4C1E-ACE3-461CF3519519}.Debug35|Any CPU.Build.0 = Debug|Any CPU
		{2E28E6BE-2CD9-4C1E-ACE3-461CF3519519}.Debug35|Mixed Platforms.ActiveCfg = Debug|Any CPU
		{2E28E6BE-2CD9-4C1E-ACE3-461CF3519519}.Debug35|Mixed Platforms.Build.0 = Debug|Any CPU
		{2E28E6BE-2CD9-4C1E-ACE3-461CF3519519}.Debug35|Win32.ActiveCfg = Debug|Any CPU
		{2E28E6BE-2CD9-4C1E-ACE3-461CF3519519}.Debug35|x64.ActiveCfg = Debug|Any CPU
		{2E28E6BE-2CD9-4C1E-ACE3-461CF3519519}.Debug35|x86.ActiveCfg = Debug|Any CPU
		{2E28E6BE-2CD9-4C1E-ACE3-461CF3519519}.Release|Any CPU.ActiveCfg = Release|Any CPU
		{2E28E6BE-2CD9-4C1E-ACE3-461CF3519519}.Release|Any CPU.Build.0 = Release|Any CPU
		{2E28E6BE-2CD9-4C1E-ACE3-461CF3519519}.Release|Mixed Platforms.ActiveCfg = Release|Any CPU
		{2E28E6BE-2CD9-4C1E-ACE3-461CF3519519}.Release|Mixed Platforms.Build.0 = Release|Any CPU
		{2E28E6BE-2CD9-4C1E-ACE3-461CF3519519}.Release|Win32.ActiveCfg = Release|Any CPU
		{2E28E6BE-2CD9-4C1E-ACE3-461CF3519519}.Release|x64.ActiveCfg = Release|Any CPU
		{2E28E6BE-2CD9-4C1E-ACE3-461CF3519519}.Release|x86.ActiveCfg = Release|Any CPU
		{2E28E6BE-2CD9-4C1E-ACE3-461CF3519519}.Release35|Any CPU.ActiveCfg = Release|Any CPU
		{2E28E6BE-2CD9-4C1E-ACE3-461CF3519519}.Release35|Any CPU.Build.0 = Release|Any CPU
		{2E28E6BE-2CD9-4C1E-ACE3-461CF3519519}.Release35|Mixed Platforms.ActiveCfg = Release|Any CPU
		{2E28E6BE-2CD9-4C1E-ACE3-461CF3519519}.Release35|Mixed Platforms.Build.0 = Release|Any CPU
		{2E28E6BE-2CD9-4C1E-ACE3-461CF3519519}.Release35|Win32.ActiveCfg = Release|Any CPU
		{2E28E6BE-2CD9-4C1E-ACE3-461CF3519519}.Release35|x64.ActiveCfg = Release|Any CPU
		{2E28E6BE-2CD9-4C1E-ACE3-461CF3519519}.Release35|x86.ActiveCfg = Release|Any CPU
		{9E8F1D50-74EA-4C60-BD5C-AB2C5B53BC66}.Debug|Any CPU.ActiveCfg = Debug|Any CPU
		{9E8F1D50-74EA-4C60-BD5C-AB2C5B53BC66}.Debug|Any CPU.Build.0 = Debug|Any CPU
		{9E8F1D50-74EA-4C60-BD5C-AB2C5B53BC66}.Debug|Mixed Platforms.ActiveCfg = Debug|Any CPU
		{9E8F1D50-74EA-4C60-BD5C-AB2C5B53BC66}.Debug|Mixed Platforms.Build.0 = Debug|Any CPU
		{9E8F1D50-74EA-4C60-BD5C-AB2C5B53BC66}.Debug|Win32.ActiveCfg = Debug|Any CPU
		{9E8F1D50-74EA-4C60-BD5C-AB2C5B53BC66}.Debug|x64.ActiveCfg = Debug|Any CPU
		{9E8F1D50-74EA-4C60-BD5C-AB2C5B53BC66}.Debug|x86.ActiveCfg = Debug|Any CPU
		{9E8F1D50-74EA-4C60-BD5C-AB2C5B53BC66}.Debug35|Any CPU.ActiveCfg = Debug|Any CPU
		{9E8F1D50-74EA-4C60-BD5C-AB2C5B53BC66}.Debug35|Any CPU.Build.0 = Debug|Any CPU
		{9E8F1D50-74EA-4C60-BD5C-AB2C5B53BC66}.Debug35|Mixed Platforms.ActiveCfg = Debug|Any CPU
		{9E8F1D50-74EA-4C60-BD5C-AB2C5B53BC66}.Debug35|Mixed Platforms.Build.0 = Debug|Any CPU
		{9E8F1D50-74EA-4C60-BD5C-AB2C5B53BC66}.Debug35|Win32.ActiveCfg = Debug|Any CPU
		{9E8F1D50-74EA-4C60-BD5C-AB2C5B53BC66}.Debug35|x64.ActiveCfg = Debug|Any CPU
		{9E8F1D50-74EA-4C60-BD5C-AB2C5B53BC66}.Debug35|x86.ActiveCfg = Debug|Any CPU
		{9E8F1D50-74EA-4C60-BD5C-AB2C5B53BC66}.Release|Any CPU.ActiveCfg = Release|Any CPU
		{9E8F1D50-74EA-4C60-BD5C-AB2C5B53BC66}.Release|Any CPU.Build.0 = Release|Any CPU
		{9E8F1D50-74EA-4C60-BD5C-AB2C5B53BC66}.Release|Mixed Platforms.ActiveCfg = Release|Any CPU
		{9E8F1D50-74EA-4C60-BD5C-AB2C5B53BC66}.Release|Mixed Platforms.Build.0 = Release|Any CPU
		{9E8F1D50-74EA-4C60-BD5C-AB2C5B53BC66}.Release|Win32.ActiveCfg = Release|Any CPU
		{9E8F1D50-74EA-4C60-BD5C-AB2C5B53BC66}.Release|x64.ActiveCfg = Release|Any CPU
		{9E8F1D50-74EA-4C60-BD5C-AB2C5B53BC66}.Release|x86.ActiveCfg = Release|Any CPU
		{9E8F1D50-74EA-4C60-BD5C-AB2C5B53BC66}.Release35|Any CPU.ActiveCfg = Release|Any CPU
		{9E8F1D50-74EA-4C60-BD5C-AB2C5B53BC66}.Release35|Any CPU.Build.0 = Release|Any CPU
		{9E8F1D50-74EA-4C60-BD5C-AB2C5B53BC66}.Release35|Mixed Platforms.ActiveCfg = Release|Any CPU
		{9E8F1D50-74EA-4C60-BD5C-AB2C5B53BC66}.Release35|Mixed Platforms.Build.0 = Release|Any CPU
		{9E8F1D50-74EA-4C60-BD5C-AB2C5B53BC66}.Release35|Win32.ActiveCfg = Release|Any CPU
		{9E8F1D50-74EA-4C60-BD5C-AB2C5B53BC66}.Release35|x64.ActiveCfg = Release|Any CPU
		{9E8F1D50-74EA-4C60-BD5C-AB2C5B53BC66}.Release35|x86.ActiveCfg = Release|Any CPU
		{C75532C4-765B-418E-B09B-46D36B2ABDB1}.Debug|Any CPU.ActiveCfg = Debug|Any CPU
		{C75532C4-765B-418E-B09B-46D36B2ABDB1}.Debug|Any CPU.Build.0 = Debug|Any CPU
		{C75532C4-765B-418E-B09B-46D36B2ABDB1}.Debug|Mixed Platforms.ActiveCfg = Debug|Any CPU
		{C75532C4-765B-418E-B09B-46D36B2ABDB1}.Debug|Mixed Platforms.Build.0 = Debug|Any CPU
		{C75532C4-765B-418E-B09B-46D36B2ABDB1}.Debug|Win32.ActiveCfg = Debug|Any CPU
		{C75532C4-765B-418E-B09B-46D36B2ABDB1}.Debug|x64.ActiveCfg = Debug|Any CPU
		{C75532C4-765B-418E-B09B-46D36B2ABDB1}.Debug|x86.ActiveCfg = Debug|Any CPU
		{C75532C4-765B-418E-B09B-46D36B2ABDB1}.Debug35|Any CPU.ActiveCfg = Debug|Any CPU
		{C75532C4-765B-418E-B09B-46D36B2ABDB1}.Debug35|Any CPU.Build.0 = Debug|Any CPU
		{C75532C4-765B-418E-B09B-46D36B2ABDB1}.Debug35|Mixed Platforms.ActiveCfg = Debug|Any CPU
		{C75532C4-765B-418E-B09B-46D36B2ABDB1}.Debug35|Mixed Platforms.Build.0 = Debug|Any CPU
		{C75532C4-765B-418E-B09B-46D36B2ABDB1}.Debug35|Win32.ActiveCfg = Debug|Any CPU
		{C75532C4-765B-418E-B09B-46D36B2ABDB1}.Debug35|x64.ActiveCfg = Debug|Any CPU
		{C75532C4-765B-418E-B09B-46D36B2ABDB1}.Debug35|x86.ActiveCfg = Debug|Any CPU
		{C75532C4-765B-418E-B09B-46D36B2ABDB1}.Release|Any CPU.ActiveCfg = Release|Any CPU
		{C75532C4-765B-418E-B09B-46D36B2ABDB1}.Release|Any CPU.Build.0 = Release|Any CPU
		{C75532C4-765B-418E-B09B-46D36B2ABDB1}.Release|Mixed Platforms.ActiveCfg = Release|Any CPU
		{C75532C4-765B-418E-B09B-46D36B2ABDB1}.Release|Mixed Platforms.Build.0 = Release|Any CPU
		{C75532C4-765B-418E-B09B-46D36B2ABDB1}.Release|Win32.ActiveCfg = Release|Any CPU
		{C75532C4-765B-418E-B09B-46D36B2ABDB1}.Release|x64.ActiveCfg = Release|Any CPU
		{C75532C4-765B-418E-B09B-46D36B2ABDB1}.Release|x86.ActiveCfg = Release|Any CPU
		{C75532C4-765B-418E-B09B-46D36B2ABDB1}.Release35|Any CPU.ActiveCfg = Release|Any CPU
		{C75532C4-765B-418E-B09B-46D36B2ABDB1}.Release35|Any CPU.Build.0 = Release|Any CPU
		{C75532C4-765B-418E-B09B-46D36B2ABDB1}.Release35|Mixed Platforms.ActiveCfg = Release|Any CPU
		{C75532C4-765B-418E-B09B-46D36B2ABDB1}.Release35|Mixed Platforms.Build.0 = Release|Any CPU
		{C75532C4-765B-418E-B09B-46D36B2ABDB1}.Release35|Win32.ActiveCfg = Release|Any CPU
		{C75532C4-765B-418E-B09B-46D36B2ABDB1}.Release35|x64.ActiveCfg = Release|Any CPU
		{C75532C4-765B-418E-B09B-46D36B2ABDB1}.Release35|x86.ActiveCfg = Release|Any CPU
		{6FC49E68-59B2-4749-95BB-7EB1FCF62867}.Debug|Any CPU.ActiveCfg = Debug|Any CPU
		{6FC49E68-59B2-4749-95BB-7EB1FCF62867}.Debug|Any CPU.Build.0 = Debug|Any CPU
		{6FC49E68-59B2-4749-95BB-7EB1FCF62867}.Debug|Mixed Platforms.ActiveCfg = Debug|Any CPU
		{6FC49E68-59B2-4749-95BB-7EB1FCF62867}.Debug|Mixed Platforms.Build.0 = Debug|Any CPU
		{6FC49E68-59B2-4749-95BB-7EB1FCF62867}.Debug|Win32.ActiveCfg = Debug|Any CPU
		{6FC49E68-59B2-4749-95BB-7EB1FCF62867}.Debug|x64.ActiveCfg = Debug|Any CPU
		{6FC49E68-59B2-4749-95BB-7EB1FCF62867}.Debug|x86.ActiveCfg = Debug|Any CPU
		{6FC49E68-59B2-4749-95BB-7EB1FCF62867}.Debug35|Any CPU.ActiveCfg = Debug|Any CPU
		{6FC49E68-59B2-4749-95BB-7EB1FCF62867}.Debug35|Any CPU.Build.0 = Debug|Any CPU
		{6FC49E68-59B2-4749-95BB-7EB1FCF62867}.Debug35|Mixed Platforms.ActiveCfg = Debug|Any CPU
		{6FC49E68-59B2-4749-95BB-7EB1FCF62867}.Debug35|Mixed Platforms.Build.0 = Debug|Any CPU
		{6FC49E68-59B2-4749-95BB-7EB1FCF62867}.Debug35|Win32.ActiveCfg = Debug|Any CPU
		{6FC49E68-59B2-4749-95BB-7EB1FCF62867}.Debug35|x64.ActiveCfg = Debug|Any CPU
		{6FC49E68-59B2-4749-95BB-7EB1FCF62867}.Debug35|x86.ActiveCfg = Debug|Any CPU
		{6FC49E68-59B2-4749-95BB-7EB1FCF62867}.Release|Any CPU.ActiveCfg = Release|Any CPU
		{6FC49E68-59B2-4749-95BB-7EB1FCF62867}.Release|Any CPU.Build.0 = Release|Any CPU
		{6FC49E68-59B2-4749-95BB-7EB1FCF62867}.Release|Mixed Platforms.ActiveCfg = Release|Any CPU
		{6FC49E68-59B2-4749-95BB-7EB1FCF62867}.Release|Mixed Platforms.Build.0 = Release|Any CPU
		{6FC49E68-59B2-4749-95BB-7EB1FCF62867}.Release|Win32.ActiveCfg = Release|Any CPU
		{6FC49E68-59B2-4749-95BB-7EB1FCF62867}.Release|x64.ActiveCfg = Release|Any CPU
		{6FC49E68-59B2-4749-95BB-7EB1FCF62867}.Release|x86.ActiveCfg = Release|Any CPU
		{6FC49E68-59B2-4749-95BB-7EB1FCF62867}.Release35|Any CPU.ActiveCfg = Release|Any CPU
		{6FC49E68-59B2-4749-95BB-7EB1FCF62867}.Release35|Any CPU.Build.0 = Release|Any CPU
		{6FC49E68-59B2-4749-95BB-7EB1FCF62867}.Release35|Mixed Platforms.ActiveCfg = Release|Any CPU
		{6FC49E68-59B2-4749-95BB-7EB1FCF62867}.Release35|Mixed Platforms.Build.0 = Release|Any CPU
		{6FC49E68-59B2-4749-95BB-7EB1FCF62867}.Release35|Win32.ActiveCfg = Release|Any CPU
		{6FC49E68-59B2-4749-95BB-7EB1FCF62867}.Release35|x64.ActiveCfg = Release|Any CPU
		{6FC49E68-59B2-4749-95BB-7EB1FCF62867}.Release35|x86.ActiveCfg = Release|Any CPU
		{0C4EF634-A65B-4708-B6CC-DC757B2530AF}.Debug|Any CPU.ActiveCfg = Debug|Any CPU
		{0C4EF634-A65B-4708-B6CC-DC757B2530AF}.Debug|Any CPU.Build.0 = Debug|Any CPU
		{0C4EF634-A65B-4708-B6CC-DC757B2530AF}.Debug|Mixed Platforms.ActiveCfg = Debug|Any CPU
		{0C4EF634-A65B-4708-B6CC-DC757B2530AF}.Debug|Mixed Platforms.Build.0 = Debug|Any CPU
		{0C4EF634-A65B-4708-B6CC-DC757B2530AF}.Debug|Win32.ActiveCfg = Debug|Any CPU
		{0C4EF634-A65B-4708-B6CC-DC757B2530AF}.Debug|x64.ActiveCfg = Debug|Any CPU
		{0C4EF634-A65B-4708-B6CC-DC757B2530AF}.Debug|x86.ActiveCfg = Debug|Any CPU
		{0C4EF634-A65B-4708-B6CC-DC757B2530AF}.Debug35|Any CPU.ActiveCfg = Debug|Any CPU
		{0C4EF634-A65B-4708-B6CC-DC757B2530AF}.Debug35|Any CPU.Build.0 = Debug|Any CPU
		{0C4EF634-A65B-4708-B6CC-DC757B2530AF}.Debug35|Mixed Platforms.ActiveCfg = Debug|Any CPU
		{0C4EF634-A65B-4708-B6CC-DC757B2530AF}.Debug35|Mixed Platforms.Build.0 = Debug|Any CPU
		{0C4EF634-A65B-4708-B6CC-DC757B2530AF}.Debug35|Win32.ActiveCfg = Debug|Any CPU
		{0C4EF634-A65B-4708-B6CC-DC757B2530AF}.Debug35|x64.ActiveCfg = Debug|Any CPU
		{0C4EF634-A65B-4708-B6CC-DC757B2530AF}.Debug35|x86.ActiveCfg = Debug|Any CPU
		{0C4EF634-A65B-4708-B6CC-DC757B2530AF}.Release|Any CPU.ActiveCfg = Release|Any CPU
		{0C4EF634-A65B-4708-B6CC-DC757B2530AF}.Release|Any CPU.Build.0 = Release|Any CPU
		{0C4EF634-A65B-4708-B6CC-DC757B2530AF}.Release|Mixed Platforms.ActiveCfg = Release|Any CPU
		{0C4EF634-A65B-4708-B6CC-DC757B2530AF}.Release|Mixed Platforms.Build.0 = Release|Any CPU
		{0C4EF634-A65B-4708-B6CC-DC757B2530AF}.Release|Win32.ActiveCfg = Release|Any CPU
		{0C4EF634-A65B-4708-B6CC-DC757B2530AF}.Release|x64.ActiveCfg = Release|Any CPU
		{0C4EF634-A65B-4708-B6CC-DC757B2530AF}.Release|x86.ActiveCfg = Release|Any CPU
		{0C4EF634-A65B-4708-B6CC-DC757B2530AF}.Release35|Any CPU.ActiveCfg = Release|Any CPU
		{0C4EF634-A65B-4708-B6CC-DC757B2530AF}.Release35|Any CPU.Build.0 = Release|Any CPU
		{0C4EF634-A65B-4708-B6CC-DC757B2530AF}.Release35|Mixed Platforms.ActiveCfg = Release|Any CPU
		{0C4EF634-A65B-4708-B6CC-DC757B2530AF}.Release35|Mixed Platforms.Build.0 = Release|Any CPU
		{0C4EF634-A65B-4708-B6CC-DC757B2530AF}.Release35|Win32.ActiveCfg = Release|Any CPU
		{0C4EF634-A65B-4708-B6CC-DC757B2530AF}.Release35|x64.ActiveCfg = Release|Any CPU
		{0C4EF634-A65B-4708-B6CC-DC757B2530AF}.Release35|x86.ActiveCfg = Release|Any CPU
		{38F9A1AA-06CB-4563-B5DC-F1B046A53390}.Debug|Any CPU.ActiveCfg = Debug|Any CPU
		{38F9A1AA-06CB-4563-B5DC-F1B046A53390}.Debug|Any CPU.Build.0 = Debug|Any CPU
		{38F9A1AA-06CB-4563-B5DC-F1B046A53390}.Debug|Mixed Platforms.ActiveCfg = Debug|Any CPU
		{38F9A1AA-06CB-4563-B5DC-F1B046A53390}.Debug|Mixed Platforms.Build.0 = Debug|Any CPU
		{38F9A1AA-06CB-4563-B5DC-F1B046A53390}.Debug|Win32.ActiveCfg = Debug|Any CPU
		{38F9A1AA-06CB-4563-B5DC-F1B046A53390}.Debug|x64.ActiveCfg = Debug|Any CPU
		{38F9A1AA-06CB-4563-B5DC-F1B046A53390}.Debug|x86.ActiveCfg = Debug|Any CPU
		{38F9A1AA-06CB-4563-B5DC-F1B046A53390}.Debug35|Any CPU.ActiveCfg = Debug|Any CPU
		{38F9A1AA-06CB-4563-B5DC-F1B046A53390}.Debug35|Any CPU.Build.0 = Debug|Any CPU
		{38F9A1AA-06CB-4563-B5DC-F1B046A53390}.Debug35|Mixed Platforms.ActiveCfg = Debug|Any CPU
		{38F9A1AA-06CB-4563-B5DC-F1B046A53390}.Debug35|Mixed Platforms.Build.0 = Debug|Any CPU
		{38F9A1AA-06CB-4563-B5DC-F1B046A53390}.Debug35|Win32.ActiveCfg = Debug|Any CPU
		{38F9A1AA-06CB-4563-B5DC-F1B046A53390}.Debug35|x64.ActiveCfg = Debug|Any CPU
		{38F9A1AA-06CB-4563-B5DC-F1B046A53390}.Debug35|x86.ActiveCfg = Debug|Any CPU
		{38F9A1AA-06CB-4563-B5DC-F1B046A53390}.Release|Any CPU.ActiveCfg = Release|Any CPU
		{38F9A1AA-06CB-4563-B5DC-F1B046A53390}.Release|Any CPU.Build.0 = Release|Any CPU
		{38F9A1AA-06CB-4563-B5DC-F1B046A53390}.Release|Mixed Platforms.ActiveCfg = Release|Any CPU
		{38F9A1AA-06CB-4563-B5DC-F1B046A53390}.Release|Mixed Platforms.Build.0 = Release|Any CPU
		{38F9A1AA-06CB-4563-B5DC-F1B046A53390}.Release|Win32.ActiveCfg = Release|Any CPU
		{38F9A1AA-06CB-4563-B5DC-F1B046A53390}.Release|x64.ActiveCfg = Release|Any CPU
		{38F9A1AA-06CB-4563-B5DC-F1B046A53390}.Release|x86.ActiveCfg = Release|Any CPU
		{38F9A1AA-06CB-4563-B5DC-F1B046A53390}.Release35|Any CPU.ActiveCfg = Release|Any CPU
		{38F9A1AA-06CB-4563-B5DC-F1B046A53390}.Release35|Any CPU.Build.0 = Release|Any CPU
		{38F9A1AA-06CB-4563-B5DC-F1B046A53390}.Release35|Mixed Platforms.ActiveCfg = Release|Any CPU
		{38F9A1AA-06CB-4563-B5DC-F1B046A53390}.Release35|Mixed Platforms.Build.0 = Release|Any CPU
		{38F9A1AA-06CB-4563-B5DC-F1B046A53390}.Release35|Win32.ActiveCfg = Release|Any CPU
		{38F9A1AA-06CB-4563-B5DC-F1B046A53390}.Release35|x64.ActiveCfg = Release|Any CPU
		{38F9A1AA-06CB-4563-B5DC-F1B046A53390}.Release35|x86.ActiveCfg = Release|Any CPU
		{F9B6DABD-BBC1-4638-8CE6-A5C9506BFDCB}.Debug|Any CPU.ActiveCfg = Debug|Any CPU
		{F9B6DABD-BBC1-4638-8CE6-A5C9506BFDCB}.Debug|Any CPU.Build.0 = Debug|Any CPU
		{F9B6DABD-BBC1-4638-8CE6-A5C9506BFDCB}.Debug|Mixed Platforms.ActiveCfg = Debug|Any CPU
		{F9B6DABD-BBC1-4638-8CE6-A5C9506BFDCB}.Debug|Mixed Platforms.Build.0 = Debug|Any CPU
		{F9B6DABD-BBC1-4638-8CE6-A5C9506BFDCB}.Debug|Win32.ActiveCfg = Debug|Any CPU
		{F9B6DABD-BBC1-4638-8CE6-A5C9506BFDCB}.Debug|x64.ActiveCfg = Debug|Any CPU
		{F9B6DABD-BBC1-4638-8CE6-A5C9506BFDCB}.Debug|x86.ActiveCfg = Debug|Any CPU
		{F9B6DABD-BBC1-4638-8CE6-A5C9506BFDCB}.Debug35|Any CPU.ActiveCfg = Debug|Any CPU
		{F9B6DABD-BBC1-4638-8CE6-A5C9506BFDCB}.Debug35|Any CPU.Build.0 = Debug|Any CPU
		{F9B6DABD-BBC1-4638-8CE6-A5C9506BFDCB}.Debug35|Mixed Platforms.ActiveCfg = Debug|Any CPU
		{F9B6DABD-BBC1-4638-8CE6-A5C9506BFDCB}.Debug35|Mixed Platforms.Build.0 = Debug|Any CPU
		{F9B6DABD-BBC1-4638-8CE6-A5C9506BFDCB}.Debug35|Win32.ActiveCfg = Debug|Any CPU
		{F9B6DABD-BBC1-4638-8CE6-A5C9506BFDCB}.Debug35|x64.ActiveCfg = Debug|Any CPU
		{F9B6DABD-BBC1-4638-8CE6-A5C9506BFDCB}.Debug35|x86.ActiveCfg = Debug|Any CPU
		{F9B6DABD-BBC1-4638-8CE6-A5C9506BFDCB}.Release|Any CPU.ActiveCfg = Release|Any CPU
		{F9B6DABD-BBC1-4638-8CE6-A5C9506BFDCB}.Release|Any CPU.Build.0 = Release|Any CPU
		{F9B6DABD-BBC1-4638-8CE6-A5C9506BFDCB}.Release|Mixed Platforms.ActiveCfg = Release|Any CPU
		{F9B6DABD-BBC1-4638-8CE6-A5C9506BFDCB}.Release|Mixed Platforms.Build.0 = Release|Any CPU
		{F9B6DABD-BBC1-4638-8CE6-A5C9506BFDCB}.Release|Win32.ActiveCfg = Release|Any CPU
		{F9B6DABD-BBC1-4638-8CE6-A5C9506BFDCB}.Release|x64.ActiveCfg = Release|Any CPU
		{F9B6DABD-BBC1-4638-8CE6-A5C9506BFDCB}.Release|x86.ActiveCfg = Release|Any CPU
		{F9B6DABD-BBC1-4638-8CE6-A5C9506BFDCB}.Release35|Any CPU.ActiveCfg = Release|Any CPU
		{F9B6DABD-BBC1-4638-8CE6-A5C9506BFDCB}.Release35|Any CPU.Build.0 = Release|Any CPU
		{F9B6DABD-BBC1-4638-8CE6-A5C9506BFDCB}.Release35|Mixed Platforms.ActiveCfg = Release|Any CPU
		{F9B6DABD-BBC1-4638-8CE6-A5C9506BFDCB}.Release35|Mixed Platforms.Build.0 = Release|Any CPU
		{F9B6DABD-BBC1-4638-8CE6-A5C9506BFDCB}.Release35|Win32.ActiveCfg = Release|Any CPU
		{F9B6DABD-BBC1-4638-8CE6-A5C9506BFDCB}.Release35|x64.ActiveCfg = Release|Any CPU
		{F9B6DABD-BBC1-4638-8CE6-A5C9506BFDCB}.Release35|x86.ActiveCfg = Release|Any CPU
		{3AEDBF3B-8FB4-48B9-B0FF-712B259FE3A7}.Debug|Any CPU.ActiveCfg = Debug|Any CPU
		{3AEDBF3B-8FB4-48B9-B0FF-712B259FE3A7}.Debug|Any CPU.Build.0 = Debug|Any CPU
		{3AEDBF3B-8FB4-48B9-B0FF-712B259FE3A7}.Debug|Mixed Platforms.ActiveCfg = Debug|Any CPU
		{3AEDBF3B-8FB4-48B9-B0FF-712B259FE3A7}.Debug|Mixed Platforms.Build.0 = Debug|Any CPU
		{3AEDBF3B-8FB4-48B9-B0FF-712B259FE3A7}.Debug|Win32.ActiveCfg = Debug|Any CPU
		{3AEDBF3B-8FB4-48B9-B0FF-712B259FE3A7}.Debug|x64.ActiveCfg = Debug|Any CPU
		{3AEDBF3B-8FB4-48B9-B0FF-712B259FE3A7}.Debug|x86.ActiveCfg = Debug|Any CPU
		{3AEDBF3B-8FB4-48B9-B0FF-712B259FE3A7}.Debug35|Any CPU.ActiveCfg = Debug|Any CPU
		{3AEDBF3B-8FB4-48B9-B0FF-712B259FE3A7}.Debug35|Any CPU.Build.0 = Debug|Any CPU
		{3AEDBF3B-8FB4-48B9-B0FF-712B259FE3A7}.Debug35|Mixed Platforms.ActiveCfg = Debug|Any CPU
		{3AEDBF3B-8FB4-48B9-B0FF-712B259FE3A7}.Debug35|Mixed Platforms.Build.0 = Debug|Any CPU
		{3AEDBF3B-8FB4-48B9-B0FF-712B259FE3A7}.Debug35|Win32.ActiveCfg = Debug|Any CPU
		{3AEDBF3B-8FB4-48B9-B0FF-712B259FE3A7}.Debug35|x64.ActiveCfg = Debug|Any CPU
		{3AEDBF3B-8FB4-48B9-B0FF-712B259FE3A7}.Debug35|x86.ActiveCfg = Debug|Any CPU
		{3AEDBF3B-8FB4-48B9-B0FF-712B259FE3A7}.Release|Any CPU.ActiveCfg = Release|Any CPU
		{3AEDBF3B-8FB4-48B9-B0FF-712B259FE3A7}.Release|Any CPU.Build.0 = Release|Any CPU
		{3AEDBF3B-8FB4-48B9-B0FF-712B259FE3A7}.Release|Mixed Platforms.ActiveCfg = Release|Any CPU
		{3AEDBF3B-8FB4-48B9-B0FF-712B259FE3A7}.Release|Mixed Platforms.Build.0 = Release|Any CPU
		{3AEDBF3B-8FB4-48B9-B0FF-712B259FE3A7}.Release|Win32.ActiveCfg = Release|Any CPU
		{3AEDBF3B-8FB4-48B9-B0FF-712B259FE3A7}.Release|x64.ActiveCfg = Release|Any CPU
		{3AEDBF3B-8FB4-48B9-B0FF-712B259FE3A7}.Release|x86.ActiveCfg = Release|Any CPU
		{3AEDBF3B-8FB4-48B9-B0FF-712B259FE3A7}.Release35|Any CPU.ActiveCfg = Release|Any CPU
		{3AEDBF3B-8FB4-48B9-B0FF-712B259FE3A7}.Release35|Any CPU.Build.0 = Release|Any CPU
		{3AEDBF3B-8FB4-48B9-B0FF-712B259FE3A7}.Release35|Mixed Platforms.ActiveCfg = Release|Any CPU
		{3AEDBF3B-8FB4-48B9-B0FF-712B259FE3A7}.Release35|Mixed Platforms.Build.0 = Release|Any CPU
		{3AEDBF3B-8FB4-48B9-B0FF-712B259FE3A7}.Release35|Win32.ActiveCfg = Release|Any CPU
		{3AEDBF3B-8FB4-48B9-B0FF-712B259FE3A7}.Release35|x64.ActiveCfg = Release|Any CPU
		{3AEDBF3B-8FB4-48B9-B0FF-712B259FE3A7}.Release35|x86.ActiveCfg = Release|Any CPU
		{D213ED1E-7316-4193-99E4-24917EEFCA7E}.Debug|Any CPU.ActiveCfg = Debug|Any CPU
		{D213ED1E-7316-4193-99E4-24917EEFCA7E}.Debug|Any CPU.Build.0 = Debug|Any CPU
		{D213ED1E-7316-4193-99E4-24917EEFCA7E}.Debug|Mixed Platforms.ActiveCfg = Debug|Any CPU
		{D213ED1E-7316-4193-99E4-24917EEFCA7E}.Debug|Mixed Platforms.Build.0 = Debug|Any CPU
		{D213ED1E-7316-4193-99E4-24917EEFCA7E}.Debug|Win32.ActiveCfg = Debug|Any CPU
		{D213ED1E-7316-4193-99E4-24917EEFCA7E}.Debug|Win32.Build.0 = Debug|Any CPU
		{D213ED1E-7316-4193-99E4-24917EEFCA7E}.Debug|x64.ActiveCfg = Debug|Any CPU
		{D213ED1E-7316-4193-99E4-24917EEFCA7E}.Debug|x64.Build.0 = Debug|Any CPU
		{D213ED1E-7316-4193-99E4-24917EEFCA7E}.Debug|x86.ActiveCfg = Debug|Any CPU
		{D213ED1E-7316-4193-99E4-24917EEFCA7E}.Debug|x86.Build.0 = Debug|Any CPU
		{D213ED1E-7316-4193-99E4-24917EEFCA7E}.Debug35|Any CPU.ActiveCfg = Debug|Any CPU
		{D213ED1E-7316-4193-99E4-24917EEFCA7E}.Debug35|Any CPU.Build.0 = Debug|Any CPU
		{D213ED1E-7316-4193-99E4-24917EEFCA7E}.Debug35|Mixed Platforms.ActiveCfg = Debug|Any CPU
		{D213ED1E-7316-4193-99E4-24917EEFCA7E}.Debug35|Mixed Platforms.Build.0 = Debug|Any CPU
		{D213ED1E-7316-4193-99E4-24917EEFCA7E}.Debug35|Win32.ActiveCfg = Debug|Any CPU
		{D213ED1E-7316-4193-99E4-24917EEFCA7E}.Debug35|Win32.Build.0 = Debug|Any CPU
		{D213ED1E-7316-4193-99E4-24917EEFCA7E}.Debug35|x64.ActiveCfg = Debug|Any CPU
		{D213ED1E-7316-4193-99E4-24917EEFCA7E}.Debug35|x64.Build.0 = Debug|Any CPU
		{D213ED1E-7316-4193-99E4-24917EEFCA7E}.Debug35|x86.ActiveCfg = Debug|Any CPU
		{D213ED1E-7316-4193-99E4-24917EEFCA7E}.Debug35|x86.Build.0 = Debug|Any CPU
		{D213ED1E-7316-4193-99E4-24917EEFCA7E}.Release|Any CPU.ActiveCfg = Release|Any CPU
		{D213ED1E-7316-4193-99E4-24917EEFCA7E}.Release|Any CPU.Build.0 = Release|Any CPU
		{D213ED1E-7316-4193-99E4-24917EEFCA7E}.Release|Mixed Platforms.ActiveCfg = Release|Any CPU
		{D213ED1E-7316-4193-99E4-24917EEFCA7E}.Release|Mixed Platforms.Build.0 = Release|Any CPU
		{D213ED1E-7316-4193-99E4-24917EEFCA7E}.Release|Win32.ActiveCfg = Release|Any CPU
		{D213ED1E-7316-4193-99E4-24917EEFCA7E}.Release|Win32.Build.0 = Release|Any CPU
		{D213ED1E-7316-4193-99E4-24917EEFCA7E}.Release|x64.ActiveCfg = Release|Any CPU
		{D213ED1E-7316-4193-99E4-24917EEFCA7E}.Release|x64.Build.0 = Release|Any CPU
		{D213ED1E-7316-4193-99E4-24917EEFCA7E}.Release|x86.ActiveCfg = Release|Any CPU
		{D213ED1E-7316-4193-99E4-24917EEFCA7E}.Release|x86.Build.0 = Release|Any CPU
		{D213ED1E-7316-4193-99E4-24917EEFCA7E}.Release35|Any CPU.ActiveCfg = Release|Any CPU
		{D213ED1E-7316-4193-99E4-24917EEFCA7E}.Release35|Any CPU.Build.0 = Release|Any CPU
		{D213ED1E-7316-4193-99E4-24917EEFCA7E}.Release35|Mixed Platforms.ActiveCfg = Release|Any CPU
		{D213ED1E-7316-4193-99E4-24917EEFCA7E}.Release35|Mixed Platforms.Build.0 = Release|Any CPU
		{D213ED1E-7316-4193-99E4-24917EEFCA7E}.Release35|Win32.ActiveCfg = Release|Any CPU
		{D213ED1E-7316-4193-99E4-24917EEFCA7E}.Release35|Win32.Build.0 = Release|Any CPU
		{D213ED1E-7316-4193-99E4-24917EEFCA7E}.Release35|x64.ActiveCfg = Release|Any CPU
		{D213ED1E-7316-4193-99E4-24917EEFCA7E}.Release35|x64.Build.0 = Release|Any CPU
		{D213ED1E-7316-4193-99E4-24917EEFCA7E}.Release35|x86.ActiveCfg = Release|Any CPU
		{D213ED1E-7316-4193-99E4-24917EEFCA7E}.Release35|x86.Build.0 = Release|Any CPU
	EndGlobalSection
	GlobalSection(SolutionProperties) = preSolution
		HideSolutionNode = FALSE
	EndGlobalSection
EndGlobal
