
Microsoft Visual Studio Solution File, Format Version 12.00
# Visual Studio 2013
VisualStudioVersion = 12.0.21005.1
MinimumVisualStudioVersion = 10.0.40219.1
Project("{FAE04EC0-301F-11D3-BF4B-00C04F79EFBC}") = "PrimeComm", "PrimeComm\PrimeComm.csproj", "{F29C218B-2E56-48F5-8370-8200A42135B8}"
EndProject
Project("{FAE04EC0-301F-11D3-BF4B-00C04F79EFBC}") = "UsbLibrary", "UsbLibrary\UsbLibrary.csproj", "{71E42A6D-C432-4C03-BF4F-ABFD2A3173E0}"
EndProject
Global
	GlobalSection(SolutionConfigurationPlatforms) = preSolution
		Debug|Any CPU = Debug|Any CPU
		Release|Any CPU = Release|Any CPU
	EndGlobalSection
	GlobalSection(ProjectConfigurationPlatforms) = postSolution
		{F29C218B-2E56-48F5-8370-8200A42135B8}.Debug|Any CPU.ActiveCfg = Debug|Any CPU
		{F29C218B-2E56-48F5-8370-8200A42135B8}.Debug|Any CPU.Build.0 = Debug|Any CPU
		{F29C218B-2E56-48F5-8370-8200A42135B8}.Release|Any CPU.ActiveCfg = Release|Any CPU
		{F29C218B-2E56-48F5-8370-8200A42135B8}.Release|Any CPU.Build.0 = Release|Any CPU
		{71E42A6D-C432-4C03-BF4F-ABFD2A3173E0}.Debug|Any CPU.ActiveCfg = Debug|Any CPU
		{71E42A6D-C432-4C03-BF4F-ABFD2A3173E0}.Debug|Any CPU.Build.0 = Debug|Any CPU
		{71E42A6D-C432-4C03-BF4F-ABFD2A3173E0}.Release|Any CPU.ActiveCfg = Release|Any CPU
		{71E42A6D-C432-4C03-BF4F-ABFD2A3173E0}.Release|Any CPU.Build.0 = Release|Any CPU
	EndGlobalSection
	GlobalSection(SolutionProperties) = preSolution
		HideSolutionNode = FALSE
	EndGlobalSection
EndGlobal
